// !$*UTF8*$!
{
	archiveVersion = 1;
	classes = {
	};
	objectVersion = 77;
	objects = {

/* Begin PBXBuildFile section */
		8F58E8342FDB151D0063055E /* codemagic.yaml in Resources */ = {isa = PBXBuildFile; fileRef = 8F58E8332FDB151D0063055E /* codemagic.yaml */; };
		8F58EB132FE001790063055E /* AppsFlyerLib in Frameworks */ = {isa = PBXBuildFile; productRef = 8F58EB122FE001790063055E /* AppsFlyerLib */; };
		8F58EB162FE0018A0063055E /* Lottie in Frameworks */ = {isa = PBXBuildFile; productRef = 8F58EB152FE0018A0063055E /* Lottie */; };
		8F58EB192FE001A60063055E /* FirebaseMessaging in Frameworks */ = {isa = PBXBuildFile; productRef = 8F58EB182FE001A60063055E /* FirebaseMessaging */; };
		8F58EB9A2FE013310063055E /* LayExtensionOfNotifications.appex in Embed Foundation Extensions */ = {isa = PBXBuildFile; fileRef = 8F58EB932FE013310063055E /* LayExtensionOfNotifications.appex */; settings = {ATTRIBUTES = (RemoveHeadersOnCopy, ); }; };
		8F58EBA22FE013400063055E /* FirebaseMessaging in Frameworks */ = {isa = PBXBuildFile; productRef = 8F58EBA12FE013400063055E /* FirebaseMessaging */; };
/* End PBXBuildFile section */

/* Begin PBXContainerItemProxy section */
		8F58EB982FE013310063055E /* PBXContainerItemProxy */ = {
			isa = PBXContainerItemProxy;
			containerPortal = 8F059BF52FD849F7008C7797 /* Project object */;
			proxyType = 1;
			remoteGlobalIDString = 8F58EB922FE013310063055E;
			remoteInfo = LayExtensionOfNotifications;
		};
/* End PBXContainerItemProxy section */

/* Begin PBXCopyFilesBuildPhase section */
		8F58EB9F2FE013310063055E /* Embed Foundation Extensions */ = {
			isa = PBXCopyFilesBuildPhase;
			buildActionMask = 2147483647;
			dstPath = "";
			dstSubfolderSpec = 13;
			files = (
				8F58EB9A2FE013310063055E /* LayExtensionOfNotifications.appex in Embed Foundation Extensions */,
			);
			name = "Embed Foundation Extensions";
			runOnlyForDeploymentPostprocessing = 0;
		};
/* End PBXCopyFilesBuildPhase section */

/* Begin PBXFileReference section */
		8F059BFD2FD849F7008C7797 /* LayLedger.app */ = {isa = PBXFileReference; explicitFileType = wrapper.application; includeInIndex = 0; path = LayLedger.app; sourceTree = BUILT_PRODUCTS_DIR; };
		8F58E8332FDB151D0063055E /* codemagic.yaml */ = {isa = PBXFileReference; lastKnownFileType = text.yaml; path = codemagic.yaml; sourceTree = "<group>"; };
		8F58EB932FE013310063055E /* LayExtensionOfNotifications.appex */ = {isa = PBXFileReference; explicitFileType = "wrapper.app-extension"; includeInIndex = 0; path = LayExtensionOfNotifications.appex; sourceTree = BUILT_PRODUCTS_DIR; };
/* End PBXFileReference section */

/* Begin PBXFileSystemSynchronizedBuildFileExceptionSet section */
		8F059C0D2FD84AB5008C7797 /* Exceptions for "LayLedger" folder in "LayLedger" target */ = {
			isa = PBXFileSystemSynchronizedBuildFileExceptionSet;
			membershipExceptions = (
				Info.plist,
			);
			target = 8F059BFC2FD849F7008C7797 /* LayLedger */;
		};
		8F58EB9E2FE013310063055E /* Exceptions for "LayExtensionOfNotifications" folder in "LayExtensionOfNotifications" target */ = {
			isa = PBXFileSystemSynchronizedBuildFileExceptionSet;
			membershipExceptions = (
				Info.plist,
			);
			target = 8F58EB922FE013310063055E /* LayExtensionOfNotifications */;
		};
/* End PBXFileSystemSynchronizedBuildFileExceptionSet section */

/* Begin PBXFileSystemSynchronizedRootGroup section */
		8F059BFF2FD849F7008C7797 /* LayLedger */ = {
			isa = PBXFileSystemSynchronizedRootGroup;
			exceptions = (
				8F059C0D2FD84AB5008C7797 /* Exceptions for "LayLedger" folder in "LayLedger" target */,
			);
			path = LayLedger;
			sourceTree = "<group>";
		};
		8F58EB942FE013310063055E /* LayExtensionOfNotifications */ = {
			isa = PBXFileSystemSynchronizedRootGroup;
			exceptions = (
				8F58EB9E2FE013310063055E /* Exceptions for "LayExtensionOfNotifications" folder in "LayExtensionOfNotifications" target */,
			);
			path = LayExtensionOfNotifications;
			sourceTree = "<group>";
		};
/* End PBXFileSystemSynchronizedRootGroup section */

/* Begin PBXFrameworksBuildPhase section */
		8F059BFA2FD849F7008C7797 /* Frameworks */ = {
			isa = PBXFrameworksBuildPhase;
			buildActionMask = 2147483647;
			files = (
				8F58EB192FE001A60063055E /* FirebaseMessaging in Frameworks */,
				8F58EB132FE001790063055E /* AppsFlyerLib in Frameworks */,
				8F58EB162FE0018A0063055E /* Lottie in Frameworks */,
			);
			runOnlyForDeploymentPostprocessing = 0;
		};
		8F58EB902FE013310063055E /* Frameworks */ = {
			isa = PBXFrameworksBuildPhase;
			buildActionMask = 2147483647;
			files = (
				8F58EBA22FE013400063055E /* FirebaseMessaging in Frameworks */,
			);
			runOnlyForDeploymentPostprocessing = 0;
		};
/* End PBXFrameworksBuildPhase section */

/* Begin PBXGroup section */
		8F059BF42FD849F7008C7797 = {
			isa = PBXGroup;
			children = (
				8F58E8332FDB151D0063055E /* codemagic.yaml */,
				8F059BFF2FD849F7008C7797 /* LayLedger */,
				8F58EB942FE013310063055E /* LayExtensionOfNotifications */,
				8F58EBA02FE013400063055E /* Frameworks */,
				8F059BFE2FD849F7008C7797 /* Products */,
			);
			sourceTree = "<group>";
		};
		8F059BFE2FD849F7008C7797 /* Products */ = {
			isa = PBXGroup;
			children = (
				8F059BFD2FD849F7008C7797 /* LayLedger.app */,
				8F58EB932FE013310063055E /* LayExtensionOfNotifications.appex */,
			);
			name = Products;
			sourceTree = "<group>";
		};
		8F58EBA02FE013400063055E /* Frameworks */ = {
			isa = PBXGroup;
			children = (
			);
			name = Frameworks;
			sourceTree = "<group>";
		};
/* End PBXGroup section */

/* Begin PBXNativeTarget section */
		8F059BFC2FD849F7008C7797 /* LayLedger */ = {
			isa = PBXNativeTarget;
			buildConfigurationList = 8F059C092FD849F8008C7797 /* Build configuration list for PBXNativeTarget "LayLedger" */;
			buildPhases = (
				8F059BF92FD849F7008C7797 /* Sources */,
				8F059BFA2FD849F7008C7797 /* Frameworks */,
				8F059BFB2FD849F7008C7797 /* Resources */,
				8F58EB9F2FE013310063055E /* Embed Foundation Extensions */,
			);
			buildRules = (
			);
			dependencies = (
				8F58EB992FE013310063055E /* PBXTargetDependency */,
			);
			fileSystemSynchronizedGroups = (
				8F059BFF2FD849F7008C7797 /* LayLedger */,
			);
			name = LayLedger;
			packageProductDependencies = (
				8F58EB122FE001790063055E /* AppsFlyerLib */,
				8F58EB152FE0018A0063055E /* Lottie */,
				8F58EB182FE001A60063055E /* FirebaseMessaging */,
			);
			productName = LayLedger;
			productReference = 8F059BFD2FD849F7008C7797 /* LayLedger.app */;
			productType = "com.apple.product-type.application";
		};
		8F58EB922FE013310063055E /* LayExtensionOfNotifications */ = {
			isa = PBXNativeTarget;
			buildConfigurationList = 8F58EB9B2FE013310063055E /* Build configuration list for PBXNativeTarget "LayExtensionOfNotifications" */;
			buildPhases = (
				8F58EB8F2FE013310063055E /* Sources */,
				8F58EB902FE013310063055E /* Frameworks */,
				8F58EB912FE013310063055E /* Resources */,
			);
			buildRules = (
			);
			dependencies = (
			);
			fileSystemSynchronizedGroups = (
				8F58EB942FE013310063055E /* LayExtensionOfNotifications */,
			);
			name = LayExtensionOfNotifications;
			packageProductDependencies = (
				8F58EBA12FE013400063055E /* FirebaseMessaging */,
			);
			productName = LayExtensionOfNotifications;
			productReference = 8F58EB932FE013310063055E /* LayExtensionOfNotifications.appex */;
			productType = "com.apple.product-type.app-extension";
		};
/* End PBXNativeTarget section */

/* Begin PBXProject section */
		8F059BF52FD849F7008C7797 /* Project object */ = {
			isa = PBXProject;
			attributes = {
				BuildIndependentTargetsInParallel = 1;
				LastSwiftUpdateCheck = 1640;
				LastUpgradeCheck = 1640;
				TargetAttributes = {
					8F059BFC2FD849F7008C7797 = {
						CreatedOnToolsVersion = 16.4;
					};
					8F58EB922FE013310063055E = {
						CreatedOnToolsVersion = 16.4;
					};
				};
			};
			buildConfigurationList = 8F059BF82FD849F7008C7797 /* Build configuration list for PBXProject "LayLedger" */;
			developmentRegion = en;
			hasScannedForEncodings = 0;
			knownRegions = (
				en,
				Base,
			);
			mainGroup = 8F059BF42FD849F7008C7797;
			minimizedProjectReferenceProxies = 1;
			packageReferences = (
				8F58EB112FE001790063055E /* XCRemoteSwiftPackageReference "AppsFlyerFramework" */,
				8F58EB142FE0018A0063055E /* XCRemoteSwiftPackageReference "lottie-ios" */,
				8F58EB172FE001A60063055E /* XCRemoteSwiftPackageReference "firebase-ios-sdk" */,
			);
			preferredProjectObjectVersion = 77;
			productRefGroup = 8F059BFE2FD849F7008C7797 /* Products */;
			projectDirPath = "";
			projectRoot = "";
			targets = (
				8F059BFC2FD849F7008C7797 /* LayLedger */,
				8F58EB922FE013310063055E /* LayExtensionOfNotifications */,
			);
		};
/* End PBXProject section */

/* Begin PBXResourcesBuildPhase section */
		8F059BFB2FD849F7008C7797 /* Resources */ = {
			isa = PBXResourcesBuildPhase;
			buildActionMask = 2147483647;
			files = (
				8F58E8342FDB151D0063055E /* codemagic.yaml in Resources */,
			);
			runOnlyForDeploymentPostprocessing = 0;
		};
		8F58EB912FE013310063055E /* Resources */ = {
			isa = PBXResourcesBuildPhase;
			buildActionMask = 2147483647;
			files = (
			);
			runOnlyForDeploymentPostprocessing = 0;
		};
/* End PBXResourcesBuildPhase section */

/* Begin PBXSourcesBuildPhase section */
		8F059BF92FD849F7008C7797 /* Sources */ = {
			isa = PBXSourcesBuildPhase;
			buildActionMask = 2147483647;
			files = (
			);
			runOnlyForDeploymentPostprocessing = 0;
		};
		8F58EB8F2FE013310063055E /* Sources */ = {
			isa = PBXSourcesBuildPhase;
			buildActionMask = 2147483647;
			files = (
			);
			runOnlyForDeploymentPostprocessing = 0;
		};
/* End PBXSourcesBuildPhase section */

/* Begin PBXTargetDependency section */
		8F58EB992FE013310063055E /* PBXTargetDependency */ = {
			isa = PBXTargetDependency;
			target = 8F58EB922FE013310063055E /* LayExtensionOfNotifications */;
			targetProxy = 8F58EB982FE013310063055E /* PBXContainerItemProxy */;
		};
/* End PBXTargetDependency section */

/* Begin XCBuildConfiguration section */
		8F059C072FD849F8008C7797 /* Debug */ = {
			isa = XCBuildConfiguration;
			buildSettings = {
				ALWAYS_SEARCH_USER_PATHS = NO;
				ASSETCATALOG_COMPILER_GENERATE_SWIFT_ASSET_SYMBOL_EXTENSIONS = YES;
				CLANG_ANALYZER_NONNULL = YES;
				CLANG_ANALYZER_NUMBER_OBJECT_CONVERSION = YES_AGGRESSIVE;
				CLANG_CXX_LANGUAGE_STANDARD = "gnu++20";
				CLANG_ENABLE_MODULES = YES;
				CLANG_ENABLE_OBJC_ARC = YES;
				CLANG_ENABLE_OBJC_WEAK = YES;
				CLANG_WARN_BLOCK_CAPTURE_AUTORELEASING = YES;
				CLANG_WARN_BOOL_CONVERSION = YES;
				CLANG_WARN_COMMA = YES;
				CLANG_WARN_CONSTANT_CONVERSION = YES;
				CLANG_WARN_DEPRECATED_OBJC_IMPLEMENTATIONS = YES;
				CLANG_WARN_DIRECT_OBJC_ISA_USAGE = YES_ERROR;
				CLANG_WARN_DOCUMENTATION_COMMENTS = YES;
				CLANG_WARN_EMPTY_BODY = YES;
				CLANG_WARN_ENUM_CONVERSION = YES;
				CLANG_WARN_INFINITE_RECURSION = YES;
				CLANG_WARN_INT_CONVERSION = YES;
				CLANG_WARN_NON_LITERAL_NULL_CONVERSION = YES;
				CLANG_WARN_OBJC_IMPLICIT_RETAIN_SELF = YES;
				CLANG_WARN_OBJC_LITERAL_CONVERSION = YES;
				CLANG_WARN_OBJC_ROOT_CLASS = YES_ERROR;
				CLANG_WARN_QUOTED_INCLUDE_IN_FRAMEWORK_HEADER = YES;
				CLANG_WARN_RANGE_LOOP_ANALYSIS = YES;
				CLANG_WARN_STRICT_PROTOTYPES = YES;
				CLANG_WARN_SUSPICIOUS_MOVE = YES;
				CLANG_WARN_UNGUARDED_AVAILABILITY = YES_AGGRESSIVE;
				CLANG_WARN_UNREACHABLE_CODE = YES;
				CLANG_WARN__DUPLICATE_METHOD_MATCH = YES;
				COPY_PHASE_STRIP = NO;
				DEBUG_INFORMATION_FORMAT = dwarf;
				ENABLE_STRICT_OBJC_MSGSEND = YES;
				ENABLE_TESTABILITY = YES;
				ENABLE_USER_SCRIPT_SANDBOXING = YES;
				GCC_C_LANGUAGE_STANDARD = gnu17;
				GCC_DYNAMIC_NO_PIC = NO;
				GCC_NO_COMMON_BLOCKS = YES;
				GCC_OPTIMIZATION_LEVEL = 0;
				GCC_PREPROCESSOR_DEFINITIONS = (
					"DEBUG=1",
					"$(inherited)",
				);
				GCC_WARN_64_TO_32_BIT_CONVERSION = YES;
				GCC_WARN_ABOUT_RETURN_TYPE = YES_ERROR;
				GCC_WARN_UNDECLARED_SELECTOR = YES;
				GCC_WARN_UNINITIALIZED_AUTOS = YES_AGGRESSIVE;
				GCC_WARN_UNUSED_FUNCTION = YES;
				GCC_WARN_UNUSED_VARIABLE = YES;
				LOCALIZATION_PREFERS_STRING_CATALOGS = YES;
				MTL_ENABLE_DEBUG_INFO = INCLUDE_SOURCE;
				MTL_FAST_MATH = YES;
				ONLY_ACTIVE_ARCH = YES;
				SWIFT_ACTIVE_COMPILATION_CONDITIONS = "DEBUG $(inherited)";
				SWIFT_OPTIMIZATION_LEVEL = "-Onone";
			};
			name = Debug;
		};
		8F059C082FD849F8008C7797 /* Release */ = {
			isa = XCBuildConfiguration;
			buildSettings = {
				ALWAYS_SEARCH_USER_PATHS = NO;
				ASSETCATALOG_COMPILER_GENERATE_SWIFT_ASSET_SYMBOL_EXTENSIONS = YES;
				CLANG_ANALYZER_NONNULL = YES;
				CLANG_ANALYZER_NUMBER_OBJECT_CONVERSION = YES_AGGRESSIVE;
				CLANG_CXX_LANGUAGE_STANDARD = "gnu++20";
				CLANG_ENABLE_MODULES = YES;
				CLANG_ENABLE_OBJC_ARC = YES;
				CLANG_ENABLE_OBJC_WEAK = YES;
				CLANG_WARN_BLOCK_CAPTURE_AUTORELEASING = YES;
				CLANG_WARN_BOOL_CONVERSION = YES;
				CLANG_WARN_COMMA = YES;
				CLANG_WARN_CONSTANT_CONVERSION = YES;
				CLANG_WARN_DEPRECATED_OBJC_IMPLEMENTATIONS = YES;
				CLANG_WARN_DIRECT_OBJC_ISA_USAGE = YES_ERROR;
				CLANG_WARN_DOCUMENTATION_COMMENTS = YES;
				CLANG_WARN_EMPTY_BODY = YES;
				CLANG_WARN_ENUM_CONVERSION = YES;
				CLANG_WARN_INFINITE_RECURSION = YES;
				CLANG_WARN_INT_CONVERSION = YES;
				CLANG_WARN_NON_LITERAL_NULL_CONVERSION = YES;
				CLANG_WARN_OBJC_IMPLICIT_RETAIN_SELF = YES;
				CLANG_WARN_OBJC_LITERAL_CONVERSION = YES;
				CLANG_WARN_OBJC_ROOT_CLASS = YES_ERROR;
				CLANG_WARN_QUOTED_INCLUDE_IN_FRAMEWORK_HEADER = YES;
				CLANG_WARN_RANGE_LOOP_ANALYSIS = YES;
				CLANG_WARN_STRICT_PROTOTYPES = YES;
				CLANG_WARN_SUSPICIOUS_MOVE = YES;
				CLANG_WARN_UNGUARDED_AVAILABILITY = YES_AGGRESSIVE;
				CLANG_WARN_UNREACHABLE_CODE = YES;
				CLANG_WARN__DUPLICATE_METHOD_MATCH = YES;
				COPY_PHASE_STRIP = NO;
				DEBUG_INFORMATION_FORMAT = "dwarf-with-dsym";
				ENABLE_NS_ASSERTIONS = NO;
				ENABLE_STRICT_OBJC_MSGSEND = YES;
				ENABLE_USER_SCRIPT_SANDBOXING = YES;
				GCC_C_LANGUAGE_STANDARD = gnu17;
				GCC_NO_COMMON_BLOCKS = YES;
				GCC_WARN_64_TO_32_BIT_CONVERSION = YES;
				GCC_WARN_ABOUT_RETURN_TYPE = YES_ERROR;
				GCC_WARN_UNDECLARED_SELECTOR = YES;
				GCC_WARN_UNINITIALIZED_AUTOS = YES_AGGRESSIVE;
				GCC_WARN_UNUSED_FUNCTION = YES;
				GCC_WARN_UNUSED_VARIABLE = YES;
				LOCALIZATION_PREFERS_STRING_CATALOGS = YES;
				MTL_ENABLE_DEBUG_INFO = NO;
				MTL_FAST_MATH = YES;
				SWIFT_COMPILATION_MODE = wholemodule;
			};
			name = Release;
		};
		8F059C0A2FD849F8008C7797 /* Debug */ = {
			isa = XCBuildConfiguration;
			buildSettings = {
				ASSETCATALOG_COMPILER_APPICON_NAME = AppIcon;
				ASSETCATALOG_COMPILER_GLOBAL_ACCENT_COLOR_NAME = AccentColor;
				CODE_SIGN_ENTITLEMENTS = LayLedger/LayLedger.entitlements;
				CODE_SIGN_STYLE = Automatic;
				CURRENT_PROJECT_VERSION = 1;
				ENABLE_PREVIEWS = YES;
				GENERATE_INFOPLIST_FILE = YES;
				INFOPLIST_FILE = LayLedger/Info.plist;
				INFOPLIST_KEY_CFBundleDisplayName = "Lay Ledger";
				INFOPLIST_KEY_NSCameraUsageDescription = "Allow to use camera in application.";
				INFOPLIST_KEY_NSPhotoLibraryAddUsageDescription = "Lay Ledger can save exported reports and photos to your library.";
				INFOPLIST_KEY_NSPhotoLibraryUsageDescription = "Lay Ledger needs access to your photo library so you can attach photos of eggs, birds, the coop, and sale batches to your records.";
				INFOPLIST_KEY_NSUserTrackingUsageDescription = "Lay Ledger uses tracking data to improve app functionality, enhance performance, understand user interaction with features, and support ongoing updates and service optimization. This information also helps maintain app reliability, security, and a better overall user experience.";
				"INFOPLIST_KEY_UIApplicationSceneManifest_Generation[sdk=iphoneos*]" = YES;
				"INFOPLIST_KEY_UIApplicationSceneManifest_Generation[sdk=iphonesimulator*]" = YES;
				"INFOPLIST_KEY_UIApplicationSupportsIndirectInputEvents[sdk=iphoneos*]" = YES;
				"INFOPLIST_KEY_UIApplicationSupportsIndirectInputEvents[sdk=iphonesimulator*]" = YES;
				"INFOPLIST_KEY_UILaunchScreen_Generation[sdk=iphoneos*]" = YES;
				"INFOPLIST_KEY_UILaunchScreen_Generation[sdk=iphonesimulator*]" = YES;
				"INFOPLIST_KEY_UIStatusBarStyle[sdk=iphoneos*]" = UIStatusBarStyleDefault;
				"INFOPLIST_KEY_UIStatusBarStyle[sdk=iphonesimulator*]" = UIStatusBarStyleDefault;
				INFOPLIST_KEY_UISupportedInterfaceOrientations_iPad = "UIInterfaceOrientationPortrait UIInterfaceOrientationPortraitUpsideDown UIInterfaceOrientationLandscapeLeft UIInterfaceOrientationLandscapeRight";
				INFOPLIST_KEY_UISupportedInterfaceOrientations_iPhone = "UIInterfaceOrientationPortrait UIInterfaceOrientationLandscapeLeft UIInterfaceOrientationLandscapeRight";
				IPHONEOS_DEPLOYMENT_TARGET = 15.0;
				LD_RUNPATH_SEARCH_PATHS = "@executable_path/Frameworks";
				"LD_RUNPATH_SEARCH_PATHS[sdk=macosx*]" = "@executable_path/../Frameworks";
				MACOSX_DEPLOYMENT_TARGET = 15.3;
				MARKETING_VERSION = 1.2;
				PRODUCT_BUNDLE_IDENTIFIER = com.ledgeringinscop.LayLedger;
				PRODUCT_NAME = "$(TARGET_NAME)";
				REGISTER_APP_GROUPS = YES;
				SDKROOT = auto;
				SUPPORTED_PLATFORMS = "iphoneos iphonesimulator";
				SUPPORTS_MACCATALYST = NO;
				SWIFT_EMIT_LOC_STRINGS = YES;
				SWIFT_VERSION = 5.0;
				TARGETED_DEVICE_FAMILY = "1,2";
				XROS_DEPLOYMENT_TARGET = 2.5;
			};
			name = Debug;
		};
		8F059C0B2FD849F8008C7797 /* Release */ = {
			isa = XCBuildConfiguration;
			buildSettings = {
				ASSETCATALOG_COMPILER_APPICON_NAME = AppIcon;
				ASSETCATALOG_COMPILER_GLOBAL_ACCENT_COLOR_NAME = AccentColor;
				CODE_SIGN_ENTITLEMENTS = LayLedger/LayLedger.entitlements;
				CODE_SIGN_STYLE = Automatic;
				CURRENT_PROJECT_VERSION = 1;
				ENABLE_PREVIEWS = YES;
				GENERATE_INFOPLIST_FILE = YES;
				INFOPLIST_FILE = LayLedger/Info.plist;
				INFOPLIST_KEY_CFBundleDisplayName = "Lay Ledger";
				INFOPLIST_KEY_NSCameraUsageDescription = "Allow to use camera in application.";
				INFOPLIST_KEY_NSPhotoLibraryAddUsageDescription = "Lay Ledger can save exported reports and photos to your library.";
				INFOPLIST_KEY_NSPhotoLibraryUsageDescription = "Lay Ledger needs access to your photo library so you can attach photos of eggs, birds, the coop, and sale batches to your records.";
				INFOPLIST_KEY_NSUserTrackingUsageDescription = "Lay Ledger uses tracking data to improve app functionality, enhance performance, understand user interaction with features, and support ongoing updates and service optimization. This information also helps maintain app reliability, security, and a better overall user experience.";
				"INFOPLIST_KEY_UIApplicationSceneManifest_Generation[sdk=iphoneos*]" = YES;
				"INFOPLIST_KEY_UIApplicationSceneManifest_Generation[sdk=iphonesimulator*]" = YES;
				"INFOPLIST_KEY_UIApplicationSupportsIndirectInputEvents[sdk=iphoneos*]" = YES;
				"INFOPLIST_KEY_UIApplicationSupportsIndirectInputEvents[sdk=iphonesimulator*]" = YES;
				"INFOPLIST_KEY_UILaunchScreen_Generation[sdk=iphoneos*]" = YES;
				"INFOPLIST_KEY_UILaunchScreen_Generation[sdk=iphonesimulator*]" = YES;
				"INFOPLIST_KEY_UIStatusBarStyle[sdk=iphoneos*]" = UIStatusBarStyleDefault;
				"INFOPLIST_KEY_UIStatusBarStyle[sdk=iphonesimulator*]" = UIStatusBarStyleDefault;
				INFOPLIST_KEY_UISupportedInterfaceOrientations_iPad = "UIInterfaceOrientationPortrait UIInterfaceOrientationPortraitUpsideDown UIInterfaceOrientationLandscapeLeft UIInterfaceOrientationLandscapeRight";
				INFOPLIST_KEY_UISupportedInterfaceOrientations_iPhone = "UIInterfaceOrientationPortrait UIInterfaceOrientationLandscapeLeft UIInterfaceOrientationLandscapeRight";
				IPHONEOS_DEPLOYMENT_TARGET = 15.0;
				LD_RUNPATH_SEARCH_PATHS = "@executable_path/Frameworks";
				"LD_RUNPATH_SEARCH_PATHS[sdk=macosx*]" = "@executable_path/../Frameworks";
				MACOSX_DEPLOYMENT_TARGET = 15.3;
				MARKETING_VERSION = 1.2;
				PRODUCT_BUNDLE_IDENTIFIER = com.ledgeringinscop.LayLedger;
				PRODUCT_NAME = "$(TARGET_NAME)";
				REGISTER_APP_GROUPS = YES;
				SDKROOT = auto;
				SUPPORTED_PLATFORMS = "iphoneos iphonesimulator";
				SUPPORTS_MACCATALYST = NO;
				SWIFT_EMIT_LOC_STRINGS = YES;
				SWIFT_VERSION = 5.0;
				TARGETED_DEVICE_FAMILY = "1,2";
				XROS_DEPLOYMENT_TARGET = 2.5;
			};
			name = Release;
		};
		8F58EB9C2FE013310063055E /* Debug */ = {
			isa = XCBuildConfiguration;
			buildSettings = {
				CODE_SIGN_STYLE = Automatic;
				CURRENT_PROJECT_VERSION = 1;
				GENERATE_INFOPLIST_FILE = YES;
				INFOPLIST_FILE = LayExtensionOfNotifications/Info.plist;
				INFOPLIST_KEY_CFBundleDisplayName = LayExtensionOfNotifications;
				INFOPLIST_KEY_NSHumanReadableCopyright = "";
				IPHONEOS_DEPLOYMENT_TARGET = 15.0;
				LD_RUNPATH_SEARCH_PATHS = (
					"$(inherited)",
					"@executable_path/Frameworks",
					"@executable_path/../../Frameworks",
				);
				MARKETING_VERSION = 1.0;
				PRODUCT_BUNDLE_IDENTIFIER = com.ledgeringinscop.LayLedger.LayExtensionOfNotifications;
				PRODUCT_NAME = "$(TARGET_NAME)";
				SDKROOT = iphoneos;
				SKIP_INSTALL = YES;
				SUPPORTED_PLATFORMS = "iphoneos iphonesimulator";
				SUPPORTS_MACCATALYST = NO;
				SUPPORTS_MAC_DESIGNED_FOR_IPHONE_IPAD = NO;
				SUPPORTS_XR_DESIGNED_FOR_IPHONE_IPAD = NO;
				SWIFT_EMIT_LOC_STRINGS = YES;
				SWIFT_VERSION = 5.0;
				TARGETED_DEVICE_FAMILY = "1,2";
			};
			name = Debug;
		};
		8F58EB9D2FE013310063055E /* Release */ = {
			isa = XCBuildConfiguration;
			buildSettings = {
				CODE_SIGN_STYLE = Automatic;
				CURRENT_PROJECT_VERSION = 1;
				GENERATE_INFOPLIST_FILE = YES;
				INFOPLIST_FILE = LayExtensionOfNotifications/Info.plist;
				INFOPLIST_KEY_CFBundleDisplayName = LayExtensionOfNotifications;
				INFOPLIST_KEY_NSHumanReadableCopyright = "";
				IPHONEOS_DEPLOYMENT_TARGET = 15.0;
				LD_RUNPATH_SEARCH_PATHS = (
					"$(inherited)",
					"@executable_path/Frameworks",
					"@executable_path/../../Frameworks",
				);
				MARKETING_VERSION = 1.0;
				PRODUCT_BUNDLE_IDENTIFIER = com.ledgeringinscop.LayLedger.LayExtensionOfNotifications;
				PRODUCT_NAME = "$(TARGET_NAME)";
				SDKROOT = iphoneos;
				SKIP_INSTALL = YES;
				SUPPORTED_PLATFORMS = "iphoneos iphonesimulator";
				SUPPORTS_MACCATALYST = NO;
				SUPPORTS_MAC_DESIGNED_FOR_IPHONE_IPAD = NO;
				SUPPORTS_XR_DESIGNED_FOR_IPHONE_IPAD = NO;
				SWIFT_EMIT_LOC_STRINGS = YES;
				SWIFT_VERSION = 5.0;
				TARGETED_DEVICE_FAMILY = "1,2";
				VALIDATE_PRODUCT = YES;
			};
			name = Release;
		};
/* End XCBuildConfiguration section */

/* Begin XCConfigurationList section */
		8F059BF82FD849F7008C7797 /* Build configuration list for PBXProject "LayLedger" */ = {
			isa = XCConfigurationList;
			buildConfigurations = (
				8F059C072FD849F8008C7797 /* Debug */,
				8F059C082FD849F8008C7797 /* Release */,
			);
			defaultConfigurationIsVisible = 0;
			defaultConfigurationName = Release;
		};
		8F059C092FD849F8008C7797 /* Build configuration list for PBXNativeTarget "LayLedger" */ = {
			isa = XCConfigurationList;
			buildConfigurations = (
				8F059C0A2FD849F8008C7797 /* Debug */,
				8F059C0B2FD849F8008C7797 /* Release */,
			);
			defaultConfigurationIsVisible = 0;
			defaultConfigurationName = Release;
		};
		8F58EB9B2FE013310063055E /* Build configuration list for PBXNativeTarget "LayExtensionOfNotifications" */ = {
			isa = XCConfigurationList;
			buildConfigurations = (
				8F58EB9C2FE013310063055E /* Debug */,
				8F58EB9D2FE013310063055E /* Release */,
			);
			defaultConfigurationIsVisible = 0;
			defaultConfigurationName = Release;
		};
/* End XCConfigurationList section */

/* Begin XCRemoteSwiftPackageReference section */
		8F58EB112FE001790063055E /* XCRemoteSwiftPackageReference "AppsFlyerFramework" */ = {
			isa = XCRemoteSwiftPackageReference;
			repositoryURL = "https://github.com/AppsFlyerSDK/AppsFlyerFramework";
			requirement = {
				kind = upToNextMajorVersion;
				minimumVersion = 6.18.0;
			};
		};
		8F58EB142FE0018A0063055E /* XCRemoteSwiftPackageReference "lottie-ios" */ = {
			isa = XCRemoteSwiftPackageReference;
			repositoryURL = "https://github.com/airbnb/lottie-ios.git";
			requirement = {
				kind = upToNextMajorVersion;
				minimumVersion = 4.6.1;
			};
		};
		8F58EB172FE001A60063055E /* XCRemoteSwiftPackageReference "firebase-ios-sdk" */ = {
			isa = XCRemoteSwiftPackageReference;
			repositoryURL = "https://github.com/firebase/firebase-ios-sdk";
			requirement = {
				kind = upToNextMajorVersion;
				minimumVersion = 12.14.0;
			};
		};
/* End XCRemoteSwiftPackageReference section */

/* Begin XCSwiftPackageProductDependency section */
		8F58EB122FE001790063055E /* AppsFlyerLib */ = {
			isa = XCSwiftPackageProductDependency;
			package = 8F58EB112FE001790063055E /* XCRemoteSwiftPackageReference "AppsFlyerFramework" */;
			productName = AppsFlyerLib;
		};
		8F58EB152FE0018A0063055E /* Lottie */ = {
			isa = XCSwiftPackageProductDependency;
			package = 8F58EB142FE0018A0063055E /* XCRemoteSwiftPackageReference "lottie-ios" */;
			productName = Lottie;
		};
		8F58EB182FE001A60063055E /* FirebaseMessaging */ = {
			isa = XCSwiftPackageProductDependency;
			package = 8F58EB172FE001A60063055E /* XCRemoteSwiftPackageReference "firebase-ios-sdk" */;
			productName = FirebaseMessaging;
		};
		8F58EBA12FE013400063055E /* FirebaseMessaging */ = {
			isa = XCSwiftPackageProductDependency;
			package = 8F58EB172FE001A60063055E /* XCRemoteSwiftPackageReference "firebase-ios-sdk" */;
			productName = FirebaseMessaging;
		};
/* End XCSwiftPackageProductDependency section */
	};
	rootObject = 8F059BF52FD849F7008C7797 /* Project object */;
}
